
Microsoft Visual Studio Solution File, Format Version 12.00
# Visual Studio 15
VisualStudioVersion = 15.0.28307.168
MinimumVisualStudioVersion = 10.0.40219.1
Project("{FAE04EC0-301F-11D3-BF4B-00C04F79EFBC}") = "DotNetBrowserDebugger", "DotNetBrowserDebugger\DotNetBrowserDebugger.csproj", "{9A63E96C-3567-43EC-B6F2-53A51FF50200}"
EndProject
Global
	GlobalSection(SolutionConfigurationPlatforms) = preSolution
		Debug|Any CPU = Debug|Any CPU
		Release|Any CPU = Release|Any CPU
	EndGlobalSection
	GlobalSection(ProjectConfigurationPlatforms) = postSolution
		{9A63E96C-3567-43EC-B6F2-53A51FF50200}.Debug|Any CPU.ActiveCfg = Debug|Any CPU
		{9A63E96C-3567-43EC-B6F2-53A51FF50200}.Debug|Any CPU.Build.0 = Debug|Any CPU
		{9A63E96C-3567-43EC-B6F2-53A51FF50200}.Release|Any CPU.ActiveCfg = Release|Any CPU
		{9A63E96C-3567-43EC-B6F2-53A51FF50200}.Release|Any CPU.Build.0 = Release|Any CPU
	EndGlobalSection
	GlobalSection(SolutionProperties) = preSolution
		HideSolutionNode = FALSE
	EndGlobalSection
	GlobalSection(ExtensibilityGlobals) = postSolution
		SolutionGuid = {127670D4-CFC0-4286-ADD2-5F69069DB8C1}
	EndGlobalSection
EndGlobal
